
Microsoft Visual Studio Solution File, Format Version 12.00
# Visual Studio Version 17
VisualStudioVersion = 17.8.34408.163
MinimumVisualStudioVersion = 10.0.40219.1
Project("{FAE04EC0-301F-11D3-BF4B-00C04F79EFBC}") = "modul9_1302223107", "modul9_1302223107\modul9_1302223107.csproj", "{97273C86-2FCD-4431-AF2A-7C15DF1D972E}"
EndProject
Global
	GlobalSection(SolutionConfigurationPlatforms) = preSolution
		Debug|Any CPU = Debug|Any CPU
		Release|Any CPU = Release|Any CPU
	EndGlobalSection
	GlobalSection(ProjectConfigurationPlatforms) = postSolution
		{97273C86-2FCD-4431-AF2A-7C15DF1D972E}.Debug|Any CPU.ActiveCfg = Debug|Any CPU
		{97273C86-2FCD-4431-AF2A-7C15DF1D972E}.Debug|Any CPU.Build.0 = Debug|Any CPU
		{97273C86-2FCD-4431-AF2A-7C15DF1D972E}.Release|Any CPU.ActiveCfg = Release|Any CPU
		{97273C86-2FCD-4431-AF2A-7C15DF1D972E}.Release|Any CPU.Build.0 = Release|Any CPU
	EndGlobalSection
	GlobalSection(SolutionProperties) = preSolution
		HideSolutionNode = FALSE
	EndGlobalSection
	GlobalSection(ExtensibilityGlobals) = postSolution
		SolutionGuid = {68B2B660-1605-41C5-9A3E-278935B7CA63}
	EndGlobalSection
EndGlobal
